PODS:
  - FBSnapshotTestCase (2.1.4):
    - FBSnapshotTestCase/SwiftSupport (= 2.1.4)
  - FBSnapshotTestCase/Core (2.1.4)
  - FBSnapshotTestCase/SwiftSupport (2.1.4):
    - FBSnapshotTestCase/Core
  - LJViewKit (2.1.10)

DEPENDENCIES:
  - FBSnapshotTestCase
  - LJViewKit (from `../`)

SPEC REPOS:
  https://github.com/cocoapods/specs.git:
    - FBSnapshotTestCase

EXTERNAL SOURCES:
  LJViewKit:
    :path: "../"

SPEC CHECKSUMS:
  FBSnapshotTestCase: 094f9f314decbabe373b87cc339bea235a63e07a
  LJViewKit: 9e8705ec1f09d47cd6940a570a5d40e2518253fd

PODFILE CHECKSUM: b7b5417a1fedaa32cbfe6a87c1a055ee0a723ded

COCOAPODS: 1.7.0.beta.3
