PODS:
  - FBSnapshotTestCase (2.1.4):
    - FBSnapshotTestCase/SwiftSupport (= 2.1.4)
  - FBSnapshotTestCase/Core (2.1.4)
  - FBSnapshotTestCase/SwiftSupport (2.1.4):
    - FBSnapshotTestCase/Core
  - LJViewKit (1.1.0)

DEPENDENCIES:
  - FBSnapshotTestCase
  - LJViewKit (from `../`)

SPEC REPOS:
  https://github.com/cocoapods/specs.git:
    - FBSnapshotTestCase

EXTERNAL SOURCES:
  LJViewKit:
    :path: "../"

SPEC CHECKSUMS:
  FBSnapshotTestCase: 094f9f314decbabe373b87cc339bea235a63e07a
  LJViewKit: a3c0e034746d50563870f9fcd59d0f6d239307e8

PODFILE CHECKSUM: d2ba33f4677c50fe30b9eb35fb2e34012bb3ce2f

COCOAPODS: 1.7.5
